
Microsoft Visual Studio Solution File, Format Version 12.00
# Visual Studio 15
VisualStudioVersion = 15.0.28307.1145
MinimumVisualStudioVersion = 10.0.40219.1
Project("{FAE04EC0-301F-11D3-BF4B-00C04F79EFBC}") = "Paterni", "Paterni\Paterni.csproj", "{F6056749-1CFE-4822-A128-28FFA33186A7}"
EndProject
Global
	GlobalSection(SolutionConfigurationPlatforms) = preSolution
		Debug|Any CPU = Debug|Any CPU
		Release|Any CPU = Release|Any CPU
	EndGlobalSection
	GlobalSection(ProjectConfigurationPlatforms) = postSolution
		{F6056749-1CFE-4822-A128-28FFA33186A7}.Debug|Any CPU.ActiveCfg = Debug|Any CPU
		{F6056749-1CFE-4822-A128-28FFA33186A7}.Debug|Any CPU.Build.0 = Debug|Any CPU
		{F6056749-1CFE-4822-A128-28FFA33186A7}.Release|Any CPU.ActiveCfg = Release|Any CPU
		{F6056749-1CFE-4822-A128-28FFA33186A7}.Release|Any CPU.Build.0 = Release|Any CPU
	EndGlobalSection
	GlobalSection(SolutionProperties) = preSolution
		HideSolutionNode = FALSE
	EndGlobalSection
	GlobalSection(ExtensibilityGlobals) = postSolution
		SolutionGuid = {F0BB4322-DCED-46A1-8F65-A7DB1FAE1AFA}
	EndGlobalSection
EndGlobal
